// !$*UTF8*$!
{
	archiveVersion = 1;
	classes = {
	};
	objectVersion = 46;
	objects = {

/* Begin PBXBuildFile section */
		94138D301EAE45F200FF5D3D /* AppDelegate.swift in Sources */ = {isa = PBXBuildFile; fileRef = 94138D2F1EAE45F200FF5D3D /* AppDelegate.swift */; };
		94138D321EAE45F200FF5D3D /* ViewController.swift in Sources */ = {isa = PBXBuildFile; fileRef = 94138D311EAE45F200FF5D3D /* ViewController.swift */; };
		94138D351EAE45F200FF5D3D /* Main.storyboard in Resources */ = {isa = PBXBuildFile; fileRef = 94138D331EAE45F200FF5D3D /* Main.storyboard */; };
		94138D371EAE45F200FF5D3D /* Assets.xcassets in Resources */ = {isa = PBXBuildFile; fileRef = 94138D361EAE45F200FF5D3D /* Assets.xcassets */; };
		94138D3A1EAE45F200FF5D3D /* LaunchScreen.storyboard in Resources */ = {isa = PBXBuildFile; fileRef = 94138D381EAE45F200FF5D3D /* LaunchScreen.storyboard */; };
		94138D441EAE48CF00FF5D3D /* AnimationViewController.swift in Sources */ = {isa = PBXBuildFile; fileRef = 94138D431EAE48CF00FF5D3D /* AnimationViewController.swift */; };
/* End PBXBuildFile section */

/* Begin PBXFileReference section */
		94138D2C1EAE45F200FF5D3D /* Heart2Heart.app */ = {isa = PBXFileReference; explicitFileType = wrapper.application; includeInIndex = 0; path = Heart2Heart.app; sourceTree = BUILT_PRODUCTS_DIR; };
		94138D2F1EAE45F200FF5D3D /* AppDelegate.swift */ = {isa = PBXFileReference; lastKnownFileType = sourcecode.swift; path = AppDelegate.swift; sourceTree = "<group>"; };
		94138D311EAE45F200FF5D3D /* ViewController.swift */ = {isa = PBXFileReference; lastKnownFileType = sourcecode.swift; path = ViewController.swift; sourceTree = "<group>"; };
		94138D341EAE45F200FF5D3D /* Base */ = {isa = PBXFileReference; lastKnownFileType = file.storyboard; name = Base; path = Base.lproj/Main.storyboard; sourceTree = "<group>"; };
		94138D361EAE45F200FF5D3D /* Assets.xcassets */ = {isa = PBXFileReference; lastKnownFileType = folder.assetcatalog; path = Assets.xcassets; sourceTree = "<group>"; };
		94138D391EAE45F200FF5D3D /* Base */ = {isa = PBXFileReference; lastKnownFileType = file.storyboard; name = Base; path = Base.lproj/LaunchScreen.storyboard; sourceTree = "<group>"; };
		94138D3B1EAE45F200FF5D3D /* Info.plist */ = {isa = PBXFileReference; lastKnownFileType = text.plist.xml; path = Info.plist; sourceTree = "<group>"; };
		94138D431EAE48CF00FF5D3D /* AnimationViewController.swift */ = {isa = PBXFileReference; fileEncoding = 4; lastKnownFileType = sourcecode.swift; path = AnimationViewController.swift; sourceTree = "<group>"; };
/* End PBXFileReference section */

/* Begin PBXFrameworksBuildPhase section */
		94138D291EAE45F200FF5D3D /* Frameworks */ = {
			isa = PBXFrameworksBuildPhase;
			buildActionMask = 2147483647;
			files = (
			);
			runOnlyForDeploymentPostprocessing = 0;
		};
/* End PBXFrameworksBuildPhase section */

/* Begin PBXGroup section */
		94138D231EAE45F200FF5D3D = {
			isa = PBXGroup;
			children = (
				94138D2E1EAE45F200FF5D3D /* Heart2Heart */,
				94138D2D1EAE45F200FF5D3D /* Products */,
			);
			sourceTree = "<group>";
		};
		94138D2D1EAE45F200FF5D3D /* Products */ = {
			isa = PBXGroup;
			children = (
				94138D2C1EAE45F200FF5D3D /* Heart2Heart.app */,
			);
			name = Products;
			sourceTree = "<group>";
		};
		94138D2E1EAE45F200FF5D3D /* Heart2Heart */ = {
			isa = PBXGroup;
			children = (
				94138D2F1EAE45F200FF5D3D /* AppDelegate.swift */,
				94138D311EAE45F200FF5D3D /* ViewController.swift */,
				94138D431EAE48CF00FF5D3D /* AnimationViewController.swift */,
				94138D331EAE45F200FF5D3D /* Main.storyboard */,
				94138D361EAE45F200FF5D3D /* Assets.xcassets */,
				94138D381EAE45F200FF5D3D /* LaunchScreen.storyboard */,
				94138D3B1EAE45F200FF5D3D /* Info.plist */,
			);
			path = Heart2Heart;
			sourceTree = "<group>";
		};
/* End PBXGroup section */

/* Begin PBXNativeTarget section */
		94138D2B1EAE45F200FF5D3D /* Heart2Heart */ = {
			isa = PBXNativeTarget;
			buildConfigurationList = 94138D3E1EAE45F200FF5D3D /* Build configuration list for PBXNativeTarget "Heart2Heart" */;
			buildPhases = (
				94138D281EAE45F200FF5D3D /* Sources */,
				94138D291EAE45F200FF5D3D /* Frameworks */,
				94138D2A1EAE45F200FF5D3D /* Resources */,
			);
			buildRules = (
			);
			dependencies = (
			);
			name = Heart2Heart;
			productName = Heart2Heart;
			productReference = 94138D2C1EAE45F200FF5D3D /* Heart2Heart.app */;
			productType = "com.apple.product-type.application";
		};
/* End PBXNativeTarget section */

/* Begin PBXProject section */
		94138D241EAE45F200FF5D3D /* Project object */ = {
			isa = PBXProject;
			attributes = {
				LastSwiftUpdateCheck = 0820;
				LastUpgradeCheck = 0820;
				ORGANIZATIONNAME = MeganKaye;
				TargetAttributes = {
					94138D2B1EAE45F200FF5D3D = {
						CreatedOnToolsVersion = 8.2.1;
						ProvisioningStyle = Automatic;
					};
				};
			};
			buildConfigurationList = 94138D271EAE45F200FF5D3D /* Build configuration list for PBXProject "Heart2Heart" */;
			compatibilityVersion = "Xcode 3.2";
			developmentRegion = English;
			hasScannedForEncodings = 0;
			knownRegions = (
				en,
				Base,
			);
			mainGroup = 94138D231EAE45F200FF5D3D;
			productRefGroup = 94138D2D1EAE45F200FF5D3D /* Products */;
			projectDirPath = "";
			projectRoot = "";
			targets = (
				94138D2B1EAE45F200FF5D3D /* Heart2Heart */,
			);
		};
/* End PBXProject section */

/* Begin PBXResourcesBuildPhase section */
		94138D2A1EAE45F200FF5D3D /* Resources */ = {
			isa = PBXResourcesBuildPhase;
			buildActionMask = 2147483647;
			files = (
				94138D3A1EAE45F200FF5D3D /* LaunchScreen.storyboard in Resources */,
				94138D371EAE45F200FF5D3D /* Assets.xcassets in Resources */,
				94138D351EAE45F200FF5D3D /* Main.storyboard in Resources */,
			);
			runOnlyForDeploymentPostprocessing = 0;
		};
/* End PBXResourcesBuildPhase section */

/* Begin PBXSourcesBuildPhase section */
		94138D281EAE45F200FF5D3D /* Sources */ = {
			isa = PBXSourcesBuildPhase;
			buildActionMask = 2147483647;
			files = (
				94138D441EAE48CF00FF5D3D /* AnimationViewController.swift in Sources */,
				94138D321EAE45F200FF5D3D /* ViewController.swift in Sources */,
				94138D301EAE45F200FF5D3D /* AppDelegate.swift in Sources */,
			);
			runOnlyForDeploymentPostprocessing = 0;
		};
/* End PBXSourcesBuildPhase section */

/* Begin PBXVariantGroup section */
		94138D331EAE45F200FF5D3D /* Main.storyboard */ = {
			isa = PBXVariantGroup;
			children = (
				94138D341EAE45F200FF5D3D /* Base */,
			);
			name = Main.storyboard;
			sourceTree = "<group>";
		};
		94138D381EAE45F200FF5D3D /* LaunchScreen.storyboard */ = {
			isa = PBXVariantGroup;
			children = (
				94138D391EAE45F200FF5D3D /* Base */,
			);
			name = LaunchScreen.storyboard;
			sourceTree = "<group>";
		};
/* End PBXVariantGroup section */

/* Begin XCBuildConfiguration section */
		94138D3C1EAE45F200FF5D3D /* Debug */ = {
			isa = XCBuildConfiguration;
			buildSettings = {
				ALWAYS_SEARCH_USER_PATHS = NO;
				CLANG_ANALYZER_NONNULL = YES;
				CLANG_CXX_LANGUAGE_STANDARD = "gnu++0x";
				CLANG_CXX_LIBRARY = "libc++";
				CLANG_ENABLE_MODULES = YES;
				CLANG_ENABLE_OBJC_ARC = YES;
				CLANG_WARN_BOOL_CONVERSION = YES;
				CLANG_WARN_CONSTANT_CONVERSION = YES;
				CLANG_WARN_DIRECT_OBJC_ISA_USAGE = YES_ERROR;
				CLANG_WARN_DOCUMENTATION_COMMENTS = YES;
				CLANG_WARN_EMPTY_BODY = YES;
				CLANG_WARN_ENUM_CONVERSION = YES;
				CLANG_WARN_INFINITE_RECURSION = YES;
				CLANG_WARN_INT_CONVERSION = YES;
				CLANG_WARN_OBJC_ROOT_CLASS = YES_ERROR;
				CLANG_WARN_SUSPICIOUS_MOVE = YES;
				CLANG_WARN_UNREACHABLE_CODE = YES;
				CLANG_WARN__DUPLICATE_METHOD_MATCH = YES;
				"CODE_SIGN_IDENTITY[sdk=iphoneos*]" = "iPhone Developer";
				COPY_PHASE_STRIP = NO;
				DEBUG_INFORMATION_FORMAT = dwarf;
				ENABLE_STRICT_OBJC_MSGSEND = YES;
				ENABLE_TESTABILITY = YES;
				GCC_C_LANGUAGE_STANDARD = gnu99;
				GCC_DYNAMIC_NO_PIC = NO;
				GCC_NO_COMMON_BLOCKS = YES;
				GCC_OPTIMIZATION_LEVEL = 0;
				GCC_PREPROCESSOR_DEFINITIONS = (
					"DEBUG=1",
					"$(inherited)",
				);
				GCC_WARN_64_TO_32_BIT_CONVERSION = YES;
				GCC_WARN_ABOUT_RETURN_TYPE = YES_ERROR;
				GCC_WARN_UNDECLARED_SELECTOR = YES;
				GCC_WARN_UNINITIALIZED_AUTOS = YES_AGGRESSIVE;
				GCC_WARN_UNUSED_FUNCTION = YES;
				GCC_WARN_UNUSED_VARIABLE = YES;
				IPHONEOS_DEPLOYMENT_TARGET = 10.2;
				MTL_ENABLE_DEBUG_INFO = YES;
				ONLY_ACTIVE_ARCH = YES;
				SDKROOT = iphoneos;
				SWIFT_ACTIVE_COMPILATION_CONDITIONS = DEBUG;
				SWIFT_OPTIMIZATION_LEVEL = "-Onone";
			};
			name = Debug;
		};
		94138D3D1EAE45F200FF5D3D /* Release */ = {
			isa = XCBuildConfiguration;
			buildSettings = {
				ALWAYS_SEARCH_USER_PATHS = NO;
				CLANG_ANALYZER_NONNULL = YES;
				CLANG_CXX_LANGUAGE_STANDARD = "gnu++0x";
				CLANG_CXX_LIBRARY = "libc++";
				CLANG_ENABLE_MODULES = YES;
				CLANG_ENABLE_OBJC_ARC = YES;
				CLANG_WARN_BOOL_CONVERSION = YES;
				CLANG_WARN_CONSTANT_CONVERSION = YES;
				CLANG_WARN_DIRECT_OBJC_ISA_USAGE = YES_ERROR;
				CLANG_WARN_DOCUMENTATION_COMMENTS = YES;
				CLANG_WARN_EMPTY_BODY = YES;
				CLANG_WARN_ENUM_CONVERSION = YES;
				CLANG_WARN_INFINITE_RECURSION = YES;
				CLANG_WARN_INT_CONVERSION = YES;
				CLANG_WARN_OBJC_ROOT_CLASS = YES_ERROR;
				CLANG_WARN_SUSPICIOUS_MOVE = YES;
				CLANG_WARN_UNREACHABLE_CODE = YES;
				CLANG_WARN__DUPLICATE_METHOD_MATCH = YES;
				"CODE_SIGN_IDENTITY[sdk=iphoneos*]" = "iPhone Developer";
				COPY_PHASE_STRIP = NO;
				DEBUG_INFORMATION_FORMAT = "dwarf-with-dsym";
				ENABLE_NS_ASSERTIONS = NO;
				ENABLE_STRICT_OBJC_MSGSEND = YES;
				GCC_C_LANGUAGE_STANDARD = gnu99;
				GCC_NO_COMMON_BLOCKS = YES;
				GCC_WARN_64_TO_32_BIT_CONVERSION = YES;
				GCC_WARN_ABOUT_RETURN_TYPE = YES_ERROR;
				GCC_WARN_UNDECLARED_SELECTOR = YES;
				GCC_WARN_UNINITIALIZED_AUTOS = YES_AGGRESSIVE;
				GCC_WARN_UNUSED_FUNCTION = YES;
				GCC_WARN_UNUSED_VARIABLE = YES;
				IPHONEOS_DEPLOYMENT_TARGET = 10.2;
				MTL_ENABLE_DEBUG_INFO = NO;
				SDKROOT = iphoneos;
				SWIFT_OPTIMIZATION_LEVEL = "-Owholemodule";
				VALIDATE_PRODUCT = YES;
			};
			name = Release;
		};
		94138D3F1EAE45F200FF5D3D /* Debug */ = {
			isa = XCBuildConfiguration;
			buildSettings = {
				ASSETCATALOG_COMPILER_APPICON_NAME = AppIcon;
				INFOPLIST_FILE = Heart2Heart/Info.plist;
				LD_RUNPATH_SEARCH_PATHS = "$(inherited) @executable_path/Frameworks";
				PRODUCT_BUNDLE_IDENTIFIER = MeganKaye.Heart2Heart;
				PRODUCT_NAME = "$(TARGET_NAME)";
				SWIFT_VERSION = 3.0;
			};
			name = Debug;
		};
		94138D401EAE45F200FF5D3D /* Release */ = {
			isa = XCBuildConfiguration;
			buildSettings = {
				ASSETCATALOG_COMPILER_APPICON_NAME = AppIcon;
				INFOPLIST_FILE = Heart2Heart/Info.plist;
				LD_RUNPATH_SEARCH_PATHS = "$(inherited) @executable_path/Frameworks";
				PRODUCT_BUNDLE_IDENTIFIER = MeganKaye.Heart2Heart;
				PRODUCT_NAME = "$(TARGET_NAME)";
				SWIFT_VERSION = 3.0;
			};
			name = Release;
		};
/* End XCBuildConfiguration section */

/* Begin XCConfigurationList section */
		94138D271EAE45F200FF5D3D /* Build configuration list for PBXProject "Heart2Heart" */ = {
			isa = XCConfigurationList;
			buildConfigurations = (
				94138D3C1EAE45F200FF5D3D /* Debug */,
				94138D3D1EAE45F200FF5D3D /* Release */,
			);
			defaultConfigurationIsVisible = 0;
			defaultConfigurationName = Release;
		};
		94138D3E1EAE45F200FF5D3D /* Build configuration list for PBXNativeTarget "Heart2Heart" */ = {
			isa = XCConfigurationList;
			buildConfigurations = (
				94138D3F1EAE45F200FF5D3D /* Debug */,
				94138D401EAE45F200FF5D3D /* Release */,
			);
			defaultConfigurationIsVisible = 0;
		};
/* End XCConfigurationList section */
	};
	rootObject = 94138D241EAE45F200FF5D3D /* Project object */;
}
